
Microsoft Visual Studio Solution File, Format Version 12.00
# Visual Studio 14
VisualStudioVersion = 14.0.23107.0
MinimumVisualStudioVersion = 10.0.40219.1
Project("{FAE04EC0-301F-11D3-BF4B-00C04F79EFBC}") = "JustBlog", "JustBlog\JustBlog.csproj", "{C9E98B14-678D-4905-94B3-A5C47B104628}"
EndProject
Project("{FAE04EC0-301F-11D3-BF4B-00C04F79EFBC}") = "JustBlog.Core", "..\JustBlog.Core\JustBlog.Core.csproj", "{180A5DA1-3CEB-47B7-929F-2F18D51CB8AF}"
EndProject
Global
	GlobalSection(SolutionConfigurationPlatforms) = preSolution
		Debug|Any CPU = Debug|Any CPU
		Release|Any CPU = Release|Any CPU
	EndGlobalSection
	GlobalSection(ProjectConfigurationPlatforms) = postSolution
		{C9E98B14-678D-4905-94B3-A5C47B104628}.Debug|Any CPU.ActiveCfg = Debug|Any CPU
		{C9E98B14-678D-4905-94B3-A5C47B104628}.Debug|Any CPU.Build.0 = Debug|Any CPU
		{C9E98B14-678D-4905-94B3-A5C47B104628}.Release|Any CPU.ActiveCfg = Release|Any CPU
		{C9E98B14-678D-4905-94B3-A5C47B104628}.Release|Any CPU.Build.0 = Release|Any CPU
		{180A5DA1-3CEB-47B7-929F-2F18D51CB8AF}.Debug|Any CPU.ActiveCfg = Debug|Any CPU
		{180A5DA1-3CEB-47B7-929F-2F18D51CB8AF}.Debug|Any CPU.Build.0 = Debug|Any CPU
		{180A5DA1-3CEB-47B7-929F-2F18D51CB8AF}.Release|Any CPU.ActiveCfg = Release|Any CPU
		{180A5DA1-3CEB-47B7-929F-2F18D51CB8AF}.Release|Any CPU.Build.0 = Release|Any CPU
	EndGlobalSection
	GlobalSection(SolutionProperties) = preSolution
		HideSolutionNode = FALSE
	EndGlobalSection
EndGlobal
